
Microsoft Visual Studio Solution File, Format Version 12.00
# Visual Studio 16
Project("{FAE04EC0-301F-11D3-BF4B-00C04F79EFBC}") = "VuforiaScripts", "VuforiaScripts.csproj", "{C59575DF-E567-9766-0A28-71331EC28533}"
EndProject
Project("{FAE04EC0-301F-11D3-BF4B-00C04F79EFBC}") = "Assembly-CSharp", "Assembly-CSharp.csproj", "{69543147-9971-FD2C-48D1-0EF929AF0DE6}"
EndProject
Project("{FAE04EC0-301F-11D3-BF4B-00C04F79EFBC}") = "VuforiaEditorScripts", "VuforiaEditorScripts.csproj", "{E08EF025-768D-553B-CA13-464C53072F6F}"
EndProject
Global
	GlobalSection(SolutionConfigurationPlatforms) = preSolution
		Debug|Any CPU = Debug|Any CPU
		Release|Any CPU = Release|Any CPU
	EndGlobalSection
	GlobalSection(ProjectConfigurationPlatforms) = postSolution
		{C59575DF-E567-9766-0A28-71331EC28533}.Debug|Any CPU.ActiveCfg = Debug|Any CPU
		{C59575DF-E567-9766-0A28-71331EC28533}.Debug|Any CPU.Build.0 = Debug|Any CPU
		{C59575DF-E567-9766-0A28-71331EC28533}.Release|Any CPU.ActiveCfg = Release|Any CPU
		{C59575DF-E567-9766-0A28-71331EC28533}.Release|Any CPU.Build.0 = Release|Any CPU
		{69543147-9971-FD2C-48D1-0EF929AF0DE6}.Debug|Any CPU.ActiveCfg = Debug|Any CPU
		{69543147-9971-FD2C-48D1-0EF929AF0DE6}.Debug|Any CPU.Build.0 = Debug|Any CPU
		{69543147-9971-FD2C-48D1-0EF929AF0DE6}.Release|Any CPU.ActiveCfg = Release|Any CPU
		{69543147-9971-FD2C-48D1-0EF929AF0DE6}.Release|Any CPU.Build.0 = Release|Any CPU
		{E08EF025-768D-553B-CA13-464C53072F6F}.Debug|Any CPU.ActiveCfg = Debug|Any CPU
		{E08EF025-768D-553B-CA13-464C53072F6F}.Debug|Any CPU.Build.0 = Debug|Any CPU
		{E08EF025-768D-553B-CA13-464C53072F6F}.Release|Any CPU.ActiveCfg = Release|Any CPU
		{E08EF025-768D-553B-CA13-464C53072F6F}.Release|Any CPU.Build.0 = Release|Any CPU
	EndGlobalSection
	GlobalSection(SolutionProperties) = preSolution
		HideSolutionNode = FALSE
	EndGlobalSection
	GlobalSection(MonoDevelopProperties) = preSolution
		StartupItem = Assembly-CSharp.csproj
	EndGlobalSection
EndGlobal
